
Microsoft Visual Studio Solution File, Format Version 12.00
# Visual Studio Version 16
VisualStudioVersion = 16.0.30517.126
MinimumVisualStudioVersion = 10.0.40219.1
Project("{F184B08F-C81C-45F6-A57F-5ABD9991F28F}") = "дз", "дз\дз.vbproj", "{A48D2F60-EEB2-4DF8-9F05-33E809917BEF}"
EndProject
Global
	GlobalSection(SolutionConfigurationPlatforms) = preSolution
		Debug|Any CPU = Debug|Any CPU
		Release|Any CPU = Release|Any CPU
	EndGlobalSection
	GlobalSection(ProjectConfigurationPlatforms) = postSolution
		{A48D2F60-EEB2-4DF8-9F05-33E809917BEF}.Debug|Any CPU.ActiveCfg = Debug|Any CPU
		{A48D2F60-EEB2-4DF8-9F05-33E809917BEF}.Debug|Any CPU.Build.0 = Debug|Any CPU
		{A48D2F60-EEB2-4DF8-9F05-33E809917BEF}.Release|Any CPU.ActiveCfg = Release|Any CPU
		{A48D2F60-EEB2-4DF8-9F05-33E809917BEF}.Release|Any CPU.Build.0 = Release|Any CPU
	EndGlobalSection
	GlobalSection(SolutionProperties) = preSolution
		HideSolutionNode = FALSE
	EndGlobalSection
	GlobalSection(ExtensibilityGlobals) = postSolution
		SolutionGuid = {4B244AAC-7DA8-4585-B82E-6BE540C8D977}
	EndGlobalSection
EndGlobal
